// !$*UTF8*$!
{
	archiveVersion = 1;
	classes = {
	};
	objectVersion = 50;
	objects = {

/* Begin PBXBuildFile section */
		4B9F81A324D5E6F9008A7AD6 /* AppDelegate.swift in Sources */ = {isa = PBXBuildFile; fileRef = 4B9F81A224D5E6F9008A7AD6 /* AppDelegate.swift */; };
		4B9F81A824D5E6F9008A7AD6 /* Main.storyboard in Resources */ = {isa = PBXBuildFile; fileRef = 4B9F81A624D5E6F9008A7AD6 /* Main.storyboard */; };
		4B9F81AA24D5E6FB008A7AD6 /* Assets.xcassets in Resources */ = {isa = PBXBuildFile; fileRef = 4B9F81A924D5E6FB008A7AD6 /* Assets.xcassets */; };
		4B9F81AD24D5E6FB008A7AD6 /* LaunchScreen.storyboard in Resources */ = {isa = PBXBuildFile; fileRef = 4B9F81AB24D5E6FB008A7AD6 /* LaunchScreen.storyboard */; };
		4B9F81B824DB4637008A7AD6 /* PokedexTableViewController.swift in Sources */ = {isa = PBXBuildFile; fileRef = 4B9F81B724DB4637008A7AD6 /* PokedexTableViewController.swift */; };
		4B9F81BB24DB493C008A7AD6 /* PokedexTableViewCell.swift in Sources */ = {isa = PBXBuildFile; fileRef = 4B9F81BA24DB493C008A7AD6 /* PokedexTableViewCell.swift */; };
		4B9F81BD24DB4E68008A7AD6 /* Pokedex.swift in Sources */ = {isa = PBXBuildFile; fileRef = 4B9F81BC24DB4E68008A7AD6 /* Pokedex.swift */; };
		4B9F81BF24DB542F008A7AD6 /* PokedexController.swift in Sources */ = {isa = PBXBuildFile; fileRef = 4B9F81BE24DB542F008A7AD6 /* PokedexController.swift */; };
		4B9F81C124DC1BE2008A7AD6 /* PokemonDetailTableViewController.swift in Sources */ = {isa = PBXBuildFile; fileRef = 4B9F81C024DC1BE2008A7AD6 /* PokemonDetailTableViewController.swift */; };
		4BA804AD24FC2A1C0023ABE8 /* PartyTableViewController.swift in Sources */ = {isa = PBXBuildFile; fileRef = 4BA804AC24FC2A1C0023ABE8 /* PartyTableViewController.swift */; };
		4BA804B224FD0DFD0023ABE8 /* Pokemon.swift in Sources */ = {isa = PBXBuildFile; fileRef = 4BA804B124FD0DFD0023ABE8 /* Pokemon.swift */; };
/* End PBXBuildFile section */

/* Begin PBXFileReference section */
		4B9F819F24D5E6F9008A7AD6 /* Pokedex.app */ = {isa = PBXFileReference; explicitFileType = wrapper.application; includeInIndex = 0; path = Pokedex.app; sourceTree = BUILT_PRODUCTS_DIR; };
		4B9F81A224D5E6F9008A7AD6 /* AppDelegate.swift */ = {isa = PBXFileReference; lastKnownFileType = sourcecode.swift; path = AppDelegate.swift; sourceTree = "<group>"; };
		4B9F81A724D5E6F9008A7AD6 /* Base */ = {isa = PBXFileReference; lastKnownFileType = file.storyboard; name = Base; path = Base.lproj/Main.storyboard; sourceTree = "<group>"; };
		4B9F81A924D5E6FB008A7AD6 /* Assets.xcassets */ = {isa = PBXFileReference; lastKnownFileType = folder.assetcatalog; path = Assets.xcassets; sourceTree = "<group>"; };
		4B9F81AC24D5E6FB008A7AD6 /* Base */ = {isa = PBXFileReference; lastKnownFileType = file.storyboard; name = Base; path = Base.lproj/LaunchScreen.storyboard; sourceTree = "<group>"; };
		4B9F81AE24D5E6FB008A7AD6 /* Info.plist */ = {isa = PBXFileReference; lastKnownFileType = text.plist.xml; path = Info.plist; sourceTree = "<group>"; };
		4B9F81B724DB4637008A7AD6 /* PokedexTableViewController.swift */ = {isa = PBXFileReference; lastKnownFileType = sourcecode.swift; path = PokedexTableViewController.swift; sourceTree = "<group>"; };
		4B9F81BA24DB493C008A7AD6 /* PokedexTableViewCell.swift */ = {isa = PBXFileReference; lastKnownFileType = sourcecode.swift; path = PokedexTableViewCell.swift; sourceTree = "<group>"; };
		4B9F81BC24DB4E68008A7AD6 /* Pokedex.swift */ = {isa = PBXFileReference; lastKnownFileType = sourcecode.swift; path = Pokedex.swift; sourceTree = "<group>"; };
		4B9F81BE24DB542F008A7AD6 /* PokedexController.swift */ = {isa = PBXFileReference; lastKnownFileType = sourcecode.swift; path = PokedexController.swift; sourceTree = "<group>"; };
		4B9F81C024DC1BE2008A7AD6 /* PokemonDetailTableViewController.swift */ = {isa = PBXFileReference; lastKnownFileType = sourcecode.swift; path = PokemonDetailTableViewController.swift; sourceTree = "<group>"; };
		4BA804AC24FC2A1C0023ABE8 /* PartyTableViewController.swift */ = {isa = PBXFileReference; lastKnownFileType = sourcecode.swift; path = PartyTableViewController.swift; sourceTree = "<group>"; };
		4BA804AE24FC4D800023ABE8 /* Pokedex.entitlements */ = {isa = PBXFileReference; lastKnownFileType = text.plist.entitlements; path = Pokedex.entitlements; sourceTree = "<group>"; };
		4BA804B124FD0DFD0023ABE8 /* Pokemon.swift */ = {isa = PBXFileReference; lastKnownFileType = sourcecode.swift; path = Pokemon.swift; sourceTree = "<group>"; };
/* End PBXFileReference section */

/* Begin PBXFrameworksBuildPhase section */
		4B9F819C24D5E6F9008A7AD6 /* Frameworks */ = {
			isa = PBXFrameworksBuildPhase;
			buildActionMask = 2147483647;
			files = (
			);
			runOnlyForDeploymentPostprocessing = 0;
		};
/* End PBXFrameworksBuildPhase section */

/* Begin PBXGroup section */
		4B9F819624D5E6F9008A7AD6 = {
			isa = PBXGroup;
			children = (
				4B9F81A124D5E6F9008A7AD6 /* Pokedex */,
				4B9F81A024D5E6F9008A7AD6 /* Products */,
			);
			sourceTree = "<group>";
		};
		4B9F81A024D5E6F9008A7AD6 /* Products */ = {
			isa = PBXGroup;
			children = (
				4B9F819F24D5E6F9008A7AD6 /* Pokedex.app */,
			);
			name = Products;
			sourceTree = "<group>";
		};
		4B9F81A124D5E6F9008A7AD6 /* Pokedex */ = {
			isa = PBXGroup;
			children = (
				4BA804AE24FC4D800023ABE8 /* Pokedex.entitlements */,
				4B9F81B924DB4831008A7AD6 /* Views */,
				4B9F81B624DB3E27008A7AD6 /* View Controllers */,
				4B9F81B524DB3E1D008A7AD6 /* Model */,
				4B9F81B424DB3E0C008A7AD6 /* Controllers */,
				4B9F81A224D5E6F9008A7AD6 /* AppDelegate.swift */,
				4B9F81A624D5E6F9008A7AD6 /* Main.storyboard */,
				4B9F81A924D5E6FB008A7AD6 /* Assets.xcassets */,
				4B9F81AB24D5E6FB008A7AD6 /* LaunchScreen.storyboard */,
				4B9F81AE24D5E6FB008A7AD6 /* Info.plist */,
			);
			path = Pokedex;
			sourceTree = "<group>";
		};
		4B9F81B424DB3E0C008A7AD6 /* Controllers */ = {
			isa = PBXGroup;
			children = (
				4B9F81BE24DB542F008A7AD6 /* PokedexController.swift */,
			);
			path = Controllers;
			sourceTree = "<group>";
		};
		4B9F81B524DB3E1D008A7AD6 /* Model */ = {
			isa = PBXGroup;
			children = (
				4B9F81BC24DB4E68008A7AD6 /* Pokedex.swift */,
				4BA804B124FD0DFD0023ABE8 /* Pokemon.swift */,
			);
			path = Model;
			sourceTree = "<group>";
		};
		4B9F81B624DB3E27008A7AD6 /* View Controllers */ = {
			isa = PBXGroup;
			children = (
				4B9F81B724DB4637008A7AD6 /* PokedexTableViewController.swift */,
				4B9F81C024DC1BE2008A7AD6 /* PokemonDetailTableViewController.swift */,
				4BA804AC24FC2A1C0023ABE8 /* PartyTableViewController.swift */,
			);
			path = "View Controllers";
			sourceTree = "<group>";
		};
		4B9F81B924DB4831008A7AD6 /* Views */ = {
			isa = PBXGroup;
			children = (
				4B9F81BA24DB493C008A7AD6 /* PokedexTableViewCell.swift */,
			);
			path = Views;
			sourceTree = "<group>";
		};
/* End PBXGroup section */

/* Begin PBXNativeTarget section */
		4B9F819E24D5E6F9008A7AD6 /* Pokedex */ = {
			isa = PBXNativeTarget;
			buildConfigurationList = 4B9F81B124D5E6FB008A7AD6 /* Build configuration list for PBXNativeTarget "Pokedex" */;
			buildPhases = (
				4B9F819B24D5E6F9008A7AD6 /* Sources */,
				4B9F819C24D5E6F9008A7AD6 /* Frameworks */,
				4B9F819D24D5E6F9008A7AD6 /* Resources */,
			);
			buildRules = (
			);
			dependencies = (
			);
			name = Pokedex;
			productName = Pokedex;
			productReference = 4B9F819F24D5E6F9008A7AD6 /* Pokedex.app */;
			productType = "com.apple.product-type.application";
		};
/* End PBXNativeTarget section */

/* Begin PBXProject section */
		4B9F819724D5E6F9008A7AD6 /* Project object */ = {
			isa = PBXProject;
			attributes = {
				LastSwiftUpdateCheck = 1030;
				LastUpgradeCheck = 1030;
				ORGANIZATIONNAME = "Jarni Naudts";
				TargetAttributes = {
					4B9F819E24D5E6F9008A7AD6 = {
						CreatedOnToolsVersion = 10.3;
						SystemCapabilities = {
							com.apple.Siri = {
								enabled = 1;
							};
						};
					};
				};
			};
			buildConfigurationList = 4B9F819A24D5E6F9008A7AD6 /* Build configuration list for PBXProject "Pokedex" */;
			compatibilityVersion = "Xcode 9.3";
			developmentRegion = en;
			hasScannedForEncodings = 0;
			knownRegions = (
				en,
				Base,
			);
			mainGroup = 4B9F819624D5E6F9008A7AD6;
			productRefGroup = 4B9F81A024D5E6F9008A7AD6 /* Products */;
			projectDirPath = "";
			projectRoot = "";
			targets = (
				4B9F819E24D5E6F9008A7AD6 /* Pokedex */,
			);
		};
/* End PBXProject section */

/* Begin PBXResourcesBuildPhase section */
		4B9F819D24D5E6F9008A7AD6 /* Resources */ = {
			isa = PBXResourcesBuildPhase;
			buildActionMask = 2147483647;
			files = (
				4B9F81AD24D5E6FB008A7AD6 /* LaunchScreen.storyboard in Resources */,
				4B9F81AA24D5E6FB008A7AD6 /* Assets.xcassets in Resources */,
				4B9F81A824D5E6F9008A7AD6 /* Main.storyboard in Resources */,
			);
			runOnlyForDeploymentPostprocessing = 0;
		};
/* End PBXResourcesBuildPhase section */

/* Begin PBXSourcesBuildPhase section */
		4B9F819B24D5E6F9008A7AD6 /* Sources */ = {
			isa = PBXSourcesBuildPhase;
			buildActionMask = 2147483647;
			files = (
				4B9F81C124DC1BE2008A7AD6 /* PokemonDetailTableViewController.swift in Sources */,
				4BA804B224FD0DFD0023ABE8 /* Pokemon.swift in Sources */,
				4B9F81BB24DB493C008A7AD6 /* PokedexTableViewCell.swift in Sources */,
				4BA804AD24FC2A1C0023ABE8 /* PartyTableViewController.swift in Sources */,
				4B9F81BF24DB542F008A7AD6 /* PokedexController.swift in Sources */,
				4B9F81BD24DB4E68008A7AD6 /* Pokedex.swift in Sources */,
				4B9F81B824DB4637008A7AD6 /* PokedexTableViewController.swift in Sources */,
				4B9F81A324D5E6F9008A7AD6 /* AppDelegate.swift in Sources */,
			);
			runOnlyForDeploymentPostprocessing = 0;
		};
/* End PBXSourcesBuildPhase section */

/* Begin PBXVariantGroup section */
		4B9F81A624D5E6F9008A7AD6 /* Main.storyboard */ = {
			isa = PBXVariantGroup;
			children = (
				4B9F81A724D5E6F9008A7AD6 /* Base */,
			);
			name = Main.storyboard;
			sourceTree = "<group>";
		};
		4B9F81AB24D5E6FB008A7AD6 /* LaunchScreen.storyboard */ = {
			isa = PBXVariantGroup;
			children = (
				4B9F81AC24D5E6FB008A7AD6 /* Base */,
			);
			name = LaunchScreen.storyboard;
			sourceTree = "<group>";
		};
/* End PBXVariantGroup section */

/* Begin XCBuildConfiguration section */
		4B9F81AF24D5E6FB008A7AD6 /* Debug */ = {
			isa = XCBuildConfiguration;
			buildSettings = {
				ALWAYS_SEARCH_USER_PATHS = NO;
				CLANG_ANALYZER_NONNULL = YES;
				CLANG_ANALYZER_NUMBER_OBJECT_CONVERSION = YES_AGGRESSIVE;
				CLANG_CXX_LANGUAGE_STANDARD = "gnu++14";
				CLANG_CXX_LIBRARY = "libc++";
				CLANG_ENABLE_MODULES = YES;
				CLANG_ENABLE_OBJC_ARC = YES;
				CLANG_ENABLE_OBJC_WEAK = YES;
				CLANG_WARN_BLOCK_CAPTURE_AUTORELEASING = YES;
				CLANG_WARN_BOOL_CONVERSION = YES;
				CLANG_WARN_COMMA = YES;
				CLANG_WARN_CONSTANT_CONVERSION = YES;
				CLANG_WARN_DEPRECATED_OBJC_IMPLEMENTATIONS = YES;
				CLANG_WARN_DIRECT_OBJC_ISA_USAGE = YES_ERROR;
				CLANG_WARN_DOCUMENTATION_COMMENTS = YES;
				CLANG_WARN_EMPTY_BODY = YES;
				CLANG_WARN_ENUM_CONVERSION = YES;
				CLANG_WARN_INFINITE_RECURSION = YES;
				CLANG_WARN_INT_CONVERSION = YES;
				CLANG_WARN_NON_LITERAL_NULL_CONVERSION = YES;
				CLANG_WARN_OBJC_IMPLICIT_RETAIN_SELF = YES;
				CLANG_WARN_OBJC_LITERAL_CONVERSION = YES;
				CLANG_WARN_OBJC_ROOT_CLASS = YES_ERROR;
				CLANG_WARN_RANGE_LOOP_ANALYSIS = YES;
				CLANG_WARN_STRICT_PROTOTYPES = YES;
				CLANG_WARN_SUSPICIOUS_MOVE = YES;
				CLANG_WARN_UNGUARDED_AVAILABILITY = YES_AGGRESSIVE;
				CLANG_WARN_UNREACHABLE_CODE = YES;
				CLANG_WARN__DUPLICATE_METHOD_MATCH = YES;
				CODE_SIGN_IDENTITY = "iPhone Developer";
				COPY_PHASE_STRIP = NO;
				DEBUG_INFORMATION_FORMAT = dwarf;
				ENABLE_STRICT_OBJC_MSGSEND = YES;
				ENABLE_TESTABILITY = YES;
				GCC_C_LANGUAGE_STANDARD = gnu11;
				GCC_DYNAMIC_NO_PIC = NO;
				GCC_NO_COMMON_BLOCKS = YES;
				GCC_OPTIMIZATION_LEVEL = 0;
				GCC_PREPROCESSOR_DEFINITIONS = (
					"DEBUG=1",
					"$(inherited)",
				);
				GCC_WARN_64_TO_32_BIT_CONVERSION = YES;
				GCC_WARN_ABOUT_RETURN_TYPE = YES_ERROR;
				GCC_WARN_UNDECLARED_SELECTOR = YES;
				GCC_WARN_UNINITIALIZED_AUTOS = YES_AGGRESSIVE;
				GCC_WARN_UNUSED_FUNCTION = YES;
				GCC_WARN_UNUSED_VARIABLE = YES;
				IPHONEOS_DEPLOYMENT_TARGET = 12.4;
				MTL_ENABLE_DEBUG_INFO = INCLUDE_SOURCE;
				MTL_FAST_MATH = YES;
				ONLY_ACTIVE_ARCH = YES;
				SDKROOT = iphoneos;
				SWIFT_ACTIVE_COMPILATION_CONDITIONS = DEBUG;
				SWIFT_OPTIMIZATION_LEVEL = "-Onone";
			};
			name = Debug;
		};
		4B9F81B024D5E6FB008A7AD6 /* Release */ = {
			isa = XCBuildConfiguration;
			buildSettings = {
				ALWAYS_SEARCH_USER_PATHS = NO;
				CLANG_ANALYZER_NONNULL = YES;
				CLANG_ANALYZER_NUMBER_OBJECT_CONVERSION = YES_AGGRESSIVE;
				CLANG_CXX_LANGUAGE_STANDARD = "gnu++14";
				CLANG_CXX_LIBRARY = "libc++";
				CLANG_ENABLE_MODULES = YES;
				CLANG_ENABLE_OBJC_ARC = YES;
				CLANG_ENABLE_OBJC_WEAK = YES;
				CLANG_WARN_BLOCK_CAPTURE_AUTORELEASING = YES;
				CLANG_WARN_BOOL_CONVERSION = YES;
				CLANG_WARN_COMMA = YES;
				CLANG_WARN_CONSTANT_CONVERSION = YES;
				CLANG_WARN_DEPRECATED_OBJC_IMPLEMENTATIONS = YES;
				CLANG_WARN_DIRECT_OBJC_ISA_USAGE = YES_ERROR;
				CLANG_WARN_DOCUMENTATION_COMMENTS = YES;
				CLANG_WARN_EMPTY_BODY = YES;
				CLANG_WARN_ENUM_CONVERSION = YES;
				CLANG_WARN_INFINITE_RECURSION = YES;
				CLANG_WARN_INT_CONVERSION = YES;
				CLANG_WARN_NON_LITERAL_NULL_CONVERSION = YES;
				CLANG_WARN_OBJC_IMPLICIT_RETAIN_SELF = YES;
				CLANG_WARN_OBJC_LITERAL_CONVERSION = YES;
				CLANG_WARN_OBJC_ROOT_CLASS = YES_ERROR;
				CLANG_WARN_RANGE_LOOP_ANALYSIS = YES;
				CLANG_WARN_STRICT_PROTOTYPES = YES;
				CLANG_WARN_SUSPICIOUS_MOVE = YES;
				CLANG_WARN_UNGUARDED_AVAILABILITY = YES_AGGRESSIVE;
				CLANG_WARN_UNREACHABLE_CODE = YES;
				CLANG_WARN__DUPLICATE_METHOD_MATCH = YES;
				CODE_SIGN_IDENTITY = "iPhone Developer";
				COPY_PHASE_STRIP = NO;
				DEBUG_INFORMATION_FORMAT = "dwarf-with-dsym";
				ENABLE_NS_ASSERTIONS = NO;
				ENABLE_STRICT_OBJC_MSGSEND = YES;
				GCC_C_LANGUAGE_STANDARD = gnu11;
				GCC_NO_COMMON_BLOCKS = YES;
				GCC_WARN_64_TO_32_BIT_CONVERSION = YES;
				GCC_WARN_ABOUT_RETURN_TYPE = YES_ERROR;
				GCC_WARN_UNDECLARED_SELECTOR = YES;
				GCC_WARN_UNINITIALIZED_AUTOS = YES_AGGRESSIVE;
				GCC_WARN_UNUSED_FUNCTION = YES;
				GCC_WARN_UNUSED_VARIABLE = YES;
				IPHONEOS_DEPLOYMENT_TARGET = 12.4;
				MTL_ENABLE_DEBUG_INFO = NO;
				MTL_FAST_MATH = YES;
				SDKROOT = iphoneos;
				SWIFT_COMPILATION_MODE = wholemodule;
				SWIFT_OPTIMIZATION_LEVEL = "-O";
				VALIDATE_PRODUCT = YES;
			};
			name = Release;
		};
		4B9F81B224D5E6FB008A7AD6 /* Debug */ = {
			isa = XCBuildConfiguration;
			buildSettings = {
				ASSETCATALOG_COMPILER_APPICON_NAME = AppIcon;
				CODE_SIGN_ENTITLEMENTS = Pokedex/Pokedex.entitlements;
				CODE_SIGN_STYLE = Automatic;
				DEVELOPMENT_TEAM = Q58GW3NA6Z;
				INFOPLIST_FILE = Pokedex/Info.plist;
				LD_RUNPATH_SEARCH_PATHS = (
					"$(inherited)",
					"@executable_path/Frameworks",
				);
				PRODUCT_BUNDLE_IDENTIFIER = com.example.Pokedex;
				PRODUCT_NAME = "$(TARGET_NAME)";
				SWIFT_VERSION = 5.0;
				TARGETED_DEVICE_FAMILY = "1,2";
			};
			name = Debug;
		};
		4B9F81B324D5E6FB008A7AD6 /* Release */ = {
			isa = XCBuildConfiguration;
			buildSettings = {
				ASSETCATALOG_COMPILER_APPICON_NAME = AppIcon;
				CODE_SIGN_ENTITLEMENTS = Pokedex/Pokedex.entitlements;
				CODE_SIGN_STYLE = Automatic;
				DEVELOPMENT_TEAM = Q58GW3NA6Z;
				INFOPLIST_FILE = Pokedex/Info.plist;
				LD_RUNPATH_SEARCH_PATHS = (
					"$(inherited)",
					"@executable_path/Frameworks",
				);
				PRODUCT_BUNDLE_IDENTIFIER = com.example.Pokedex;
				PRODUCT_NAME = "$(TARGET_NAME)";
				SWIFT_VERSION = 5.0;
				TARGETED_DEVICE_FAMILY = "1,2";
			};
			name = Release;
		};
/* End XCBuildConfiguration section */

/* Begin XCConfigurationList section */
		4B9F819A24D5E6F9008A7AD6 /* Build configuration list for PBXProject "Pokedex" */ = {
			isa = XCConfigurationList;
			buildConfigurations = (
				4B9F81AF24D5E6FB008A7AD6 /* Debug */,
				4B9F81B024D5E6FB008A7AD6 /* Release */,
			);
			defaultConfigurationIsVisible = 0;
			defaultConfigurationName = Release;
		};
		4B9F81B124D5E6FB008A7AD6 /* Build configuration list for PBXNativeTarget "Pokedex" */ = {
			isa = XCConfigurationList;
			buildConfigurations = (
				4B9F81B224D5E6FB008A7AD6 /* Debug */,
				4B9F81B324D5E6FB008A7AD6 /* Release */,
			);
			defaultConfigurationIsVisible = 0;
			defaultConfigurationName = Release;
		};
/* End XCConfigurationList section */
	};
	rootObject = 4B9F819724D5E6F9008A7AD6 /* Project object */;
}
